
Microsoft Visual Studio Solution File, Format Version 12.00
# Visual Studio Version 17
VisualStudioVersion = 17.8.34511.84
MinimumVisualStudioVersion = 10.0.40219.1
Project("{FAE04EC0-301F-11D3-BF4B-00C04F79EFBC}") = "LVTN", "LVTN\LVTN.csproj", "{F4E3F400-A562-43C5-8632-C1DC9330E656}"
EndProject
Project("{FAE04EC0-301F-11D3-BF4B-00C04F79EFBC}") = "Driver_Tool", "Driver_Tool\Driver_Tool.csproj", "{EE58D94F-329E-40BE-9988-729A2C9CEA78}"
EndProject
Project("{FAE04EC0-301F-11D3-BF4B-00C04F79EFBC}") = "HMI_Edition", "HMI_Edition\HMI_Edition.csproj", "{8311A01B-1C21-42E2-B130-2001CED2DBF9}"
EndProject
Project("{FAE04EC0-301F-11D3-BF4B-00C04F79EFBC}") = "HMI_Tool", "HMI_Tool\HMI_Tool.csproj", "{01C81BD3-ED2F-49B3-B648-6B24BB3D59EF}"
EndProject
Project("{FAE04EC0-301F-11D3-BF4B-00C04F79EFBC}") = "Industrial_Network_Common", "Industrial_Network_Common\Industrial_Network_Common.csproj", "{F05630F3-16C8-4ACA-9D9A-C4904BC358CB}"
EndProject
Project("{FAE04EC0-301F-11D3-BF4B-00C04F79EFBC}") = "MQTT_Protocol", "MQTT_Protocol\MQTT_Protocol.csproj", "{94D94BCA-9619-4AF4-B1F9-AB62A9E31397}"
EndProject
Project("{FAE04EC0-301F-11D3-BF4B-00C04F79EFBC}") = "HMI_Trend", "HMI_Trend\HMI_Trend.csproj", "{F8B526C1-105B-4B7C-B417-4CB2E47E6803}"
EndProject
Project("{FAE04EC0-301F-11D3-BF4B-00C04F79EFBC}") = "DEMO", "DEMO\DEMO.csproj", "{27A7C328-E2D2-4908-A78A-6DE6EFCFB214}"
EndProject
Project("{FAE04EC0-301F-11D3-BF4B-00C04F79EFBC}") = "HMI_Alarm", "HMI_Alarm\HMI_Alarm.csproj", "{9172644C-16FD-42CB-B6F2-C843C9A32994}"
EndProject
Project("{FAE04EC0-301F-11D3-BF4B-00C04F79EFBC}") = "HMI_Template", "HMI_Template\HMI_Template.csproj", "{84DA11A0-4F52-42F0-804B-7E853A84CE2F}"
EndProject
Project("{FAE04EC0-301F-11D3-BF4B-00C04F79EFBC}") = "HMI_Security", "HMI_Security\HMI_Security.csproj", "{6403CE8D-50A7-47D5-AC9A-C05AB1465232}"
EndProject
Project("{FAE04EC0-301F-11D3-BF4B-00C04F79EFBC}") = "HMI_Report", "HMI_Report\HMI_Report.csproj", "{499A37A6-38F6-499C-8684-AD82BE627658}"
EndProject
Global
	GlobalSection(SolutionConfigurationPlatforms) = preSolution
		Debug|Any CPU = Debug|Any CPU
		Debug|x64 = Debug|x64
		Release|Any CPU = Release|Any CPU
		Release|x64 = Release|x64
	EndGlobalSection
	GlobalSection(ProjectConfigurationPlatforms) = postSolution
		{F4E3F400-A562-43C5-8632-C1DC9330E656}.Debug|Any CPU.ActiveCfg = Debug|Any CPU
		{F4E3F400-A562-43C5-8632-C1DC9330E656}.Debug|Any CPU.Build.0 = Debug|Any CPU
		{F4E3F400-A562-43C5-8632-C1DC9330E656}.Debug|x64.ActiveCfg = Debug|Any CPU
		{F4E3F400-A562-43C5-8632-C1DC9330E656}.Debug|x64.Build.0 = Debug|Any CPU
		{F4E3F400-A562-43C5-8632-C1DC9330E656}.Release|Any CPU.ActiveCfg = Release|Any CPU
		{F4E3F400-A562-43C5-8632-C1DC9330E656}.Release|Any CPU.Build.0 = Release|Any CPU
		{F4E3F400-A562-43C5-8632-C1DC9330E656}.Release|x64.ActiveCfg = Release|Any CPU
		{F4E3F400-A562-43C5-8632-C1DC9330E656}.Release|x64.Build.0 = Release|Any CPU
		{EE58D94F-329E-40BE-9988-729A2C9CEA78}.Debug|Any CPU.ActiveCfg = Debug|Any CPU
		{EE58D94F-329E-40BE-9988-729A2C9CEA78}.Debug|Any CPU.Build.0 = Debug|Any CPU
		{EE58D94F-329E-40BE-9988-729A2C9CEA78}.Debug|x64.ActiveCfg = Debug|Any CPU
		{EE58D94F-329E-40BE-9988-729A2C9CEA78}.Debug|x64.Build.0 = Debug|Any CPU
		{EE58D94F-329E-40BE-9988-729A2C9CEA78}.Release|Any CPU.ActiveCfg = Release|Any CPU
		{EE58D94F-329E-40BE-9988-729A2C9CEA78}.Release|Any CPU.Build.0 = Release|Any CPU
		{EE58D94F-329E-40BE-9988-729A2C9CEA78}.Release|x64.ActiveCfg = Release|Any CPU
		{EE58D94F-329E-40BE-9988-729A2C9CEA78}.Release|x64.Build.0 = Release|Any CPU
		{8311A01B-1C21-42E2-B130-2001CED2DBF9}.Debug|Any CPU.ActiveCfg = Debug|Any CPU
		{8311A01B-1C21-42E2-B130-2001CED2DBF9}.Debug|Any CPU.Build.0 = Debug|Any CPU
		{8311A01B-1C21-42E2-B130-2001CED2DBF9}.Debug|x64.ActiveCfg = Debug|Any CPU
		{8311A01B-1C21-42E2-B130-2001CED2DBF9}.Debug|x64.Build.0 = Debug|Any CPU
		{8311A01B-1C21-42E2-B130-2001CED2DBF9}.Release|Any CPU.ActiveCfg = Release|Any CPU
		{8311A01B-1C21-42E2-B130-2001CED2DBF9}.Release|Any CPU.Build.0 = Release|Any CPU
		{8311A01B-1C21-42E2-B130-2001CED2DBF9}.Release|x64.ActiveCfg = Release|Any CPU
		{8311A01B-1C21-42E2-B130-2001CED2DBF9}.Release|x64.Build.0 = Release|Any CPU
		{01C81BD3-ED2F-49B3-B648-6B24BB3D59EF}.Debug|Any CPU.ActiveCfg = Debug|Any CPU
		{01C81BD3-ED2F-49B3-B648-6B24BB3D59EF}.Debug|Any CPU.Build.0 = Debug|Any CPU
		{01C81BD3-ED2F-49B3-B648-6B24BB3D59EF}.Debug|x64.ActiveCfg = Debug|Any CPU
		{01C81BD3-ED2F-49B3-B648-6B24BB3D59EF}.Debug|x64.Build.0 = Debug|Any CPU
		{01C81BD3-ED2F-49B3-B648-6B24BB3D59EF}.Release|Any CPU.ActiveCfg = Release|Any CPU
		{01C81BD3-ED2F-49B3-B648-6B24BB3D59EF}.Release|Any CPU.Build.0 = Release|Any CPU
		{01C81BD3-ED2F-49B3-B648-6B24BB3D59EF}.Release|x64.ActiveCfg = Release|Any CPU
		{01C81BD3-ED2F-49B3-B648-6B24BB3D59EF}.Release|x64.Build.0 = Release|Any CPU
		{F05630F3-16C8-4ACA-9D9A-C4904BC358CB}.Debug|Any CPU.ActiveCfg = Debug|Any CPU
		{F05630F3-16C8-4ACA-9D9A-C4904BC358CB}.Debug|Any CPU.Build.0 = Debug|Any CPU
		{F05630F3-16C8-4ACA-9D9A-C4904BC358CB}.Debug|x64.ActiveCfg = Debug|Any CPU
		{F05630F3-16C8-4ACA-9D9A-C4904BC358CB}.Debug|x64.Build.0 = Debug|Any CPU
		{F05630F3-16C8-4ACA-9D9A-C4904BC358CB}.Release|Any CPU.ActiveCfg = Release|Any CPU
		{F05630F3-16C8-4ACA-9D9A-C4904BC358CB}.Release|Any CPU.Build.0 = Release|Any CPU
		{F05630F3-16C8-4ACA-9D9A-C4904BC358CB}.Release|x64.ActiveCfg = Release|Any CPU
		{F05630F3-16C8-4ACA-9D9A-C4904BC358CB}.Release|x64.Build.0 = Release|Any CPU
		{94D94BCA-9619-4AF4-B1F9-AB62A9E31397}.Debug|Any CPU.ActiveCfg = Debug|Any CPU
		{94D94BCA-9619-4AF4-B1F9-AB62A9E31397}.Debug|Any CPU.Build.0 = Debug|Any CPU
		{94D94BCA-9619-4AF4-B1F9-AB62A9E31397}.Debug|x64.ActiveCfg = Debug|Any CPU
		{94D94BCA-9619-4AF4-B1F9-AB62A9E31397}.Debug|x64.Build.0 = Debug|Any CPU
		{94D94BCA-9619-4AF4-B1F9-AB62A9E31397}.Release|Any CPU.ActiveCfg = Release|Any CPU
		{94D94BCA-9619-4AF4-B1F9-AB62A9E31397}.Release|Any CPU.Build.0 = Release|Any CPU
		{94D94BCA-9619-4AF4-B1F9-AB62A9E31397}.Release|x64.ActiveCfg = Release|Any CPU
		{94D94BCA-9619-4AF4-B1F9-AB62A9E31397}.Release|x64.Build.0 = Release|Any CPU
		{F8B526C1-105B-4B7C-B417-4CB2E47E6803}.Debug|Any CPU.ActiveCfg = Debug|Any CPU
		{F8B526C1-105B-4B7C-B417-4CB2E47E6803}.Debug|Any CPU.Build.0 = Debug|Any CPU
		{F8B526C1-105B-4B7C-B417-4CB2E47E6803}.Debug|x64.ActiveCfg = Debug|Any CPU
		{F8B526C1-105B-4B7C-B417-4CB2E47E6803}.Debug|x64.Build.0 = Debug|Any CPU
		{F8B526C1-105B-4B7C-B417-4CB2E47E6803}.Release|Any CPU.ActiveCfg = Release|Any CPU
		{F8B526C1-105B-4B7C-B417-4CB2E47E6803}.Release|Any CPU.Build.0 = Release|Any CPU
		{F8B526C1-105B-4B7C-B417-4CB2E47E6803}.Release|x64.ActiveCfg = Release|Any CPU
		{F8B526C1-105B-4B7C-B417-4CB2E47E6803}.Release|x64.Build.0 = Release|Any CPU
		{27A7C328-E2D2-4908-A78A-6DE6EFCFB214}.Debug|Any CPU.ActiveCfg = Debug|Any CPU
		{27A7C328-E2D2-4908-A78A-6DE6EFCFB214}.Debug|Any CPU.Build.0 = Debug|Any CPU
		{27A7C328-E2D2-4908-A78A-6DE6EFCFB214}.Debug|x64.ActiveCfg = Debug|Any CPU
		{27A7C328-E2D2-4908-A78A-6DE6EFCFB214}.Debug|x64.Build.0 = Debug|Any CPU
		{27A7C328-E2D2-4908-A78A-6DE6EFCFB214}.Release|Any CPU.ActiveCfg = Release|Any CPU
		{27A7C328-E2D2-4908-A78A-6DE6EFCFB214}.Release|Any CPU.Build.0 = Release|Any CPU
		{27A7C328-E2D2-4908-A78A-6DE6EFCFB214}.Release|x64.ActiveCfg = Release|Any CPU
		{27A7C328-E2D2-4908-A78A-6DE6EFCFB214}.Release|x64.Build.0 = Release|Any CPU
		{9172644C-16FD-42CB-B6F2-C843C9A32994}.Debug|Any CPU.ActiveCfg = Debug|Any CPU
		{9172644C-16FD-42CB-B6F2-C843C9A32994}.Debug|Any CPU.Build.0 = Debug|Any CPU
		{9172644C-16FD-42CB-B6F2-C843C9A32994}.Debug|x64.ActiveCfg = Debug|Any CPU
		{9172644C-16FD-42CB-B6F2-C843C9A32994}.Debug|x64.Build.0 = Debug|Any CPU
		{9172644C-16FD-42CB-B6F2-C843C9A32994}.Release|Any CPU.ActiveCfg = Release|Any CPU
		{9172644C-16FD-42CB-B6F2-C843C9A32994}.Release|Any CPU.Build.0 = Release|Any CPU
		{9172644C-16FD-42CB-B6F2-C843C9A32994}.Release|x64.ActiveCfg = Release|Any CPU
		{9172644C-16FD-42CB-B6F2-C843C9A32994}.Release|x64.Build.0 = Release|Any CPU
		{84DA11A0-4F52-42F0-804B-7E853A84CE2F}.Debug|Any CPU.ActiveCfg = Debug|Any CPU
		{84DA11A0-4F52-42F0-804B-7E853A84CE2F}.Debug|Any CPU.Build.0 = Debug|Any CPU
		{84DA11A0-4F52-42F0-804B-7E853A84CE2F}.Debug|x64.ActiveCfg = Debug|Any CPU
		{84DA11A0-4F52-42F0-804B-7E853A84CE2F}.Debug|x64.Build.0 = Debug|Any CPU
		{84DA11A0-4F52-42F0-804B-7E853A84CE2F}.Release|Any CPU.ActiveCfg = Release|Any CPU
		{84DA11A0-4F52-42F0-804B-7E853A84CE2F}.Release|Any CPU.Build.0 = Release|Any CPU
		{84DA11A0-4F52-42F0-804B-7E853A84CE2F}.Release|x64.ActiveCfg = Release|Any CPU
		{84DA11A0-4F52-42F0-804B-7E853A84CE2F}.Release|x64.Build.0 = Release|Any CPU
		{6403CE8D-50A7-47D5-AC9A-C05AB1465232}.Debug|Any CPU.ActiveCfg = Debug|Any CPU
		{6403CE8D-50A7-47D5-AC9A-C05AB1465232}.Debug|Any CPU.Build.0 = Debug|Any CPU
		{6403CE8D-50A7-47D5-AC9A-C05AB1465232}.Debug|x64.ActiveCfg = Debug|Any CPU
		{6403CE8D-50A7-47D5-AC9A-C05AB1465232}.Debug|x64.Build.0 = Debug|Any CPU
		{6403CE8D-50A7-47D5-AC9A-C05AB1465232}.Release|Any CPU.ActiveCfg = Release|Any CPU
		{6403CE8D-50A7-47D5-AC9A-C05AB1465232}.Release|Any CPU.Build.0 = Release|Any CPU
		{6403CE8D-50A7-47D5-AC9A-C05AB1465232}.Release|x64.ActiveCfg = Release|Any CPU
		{6403CE8D-50A7-47D5-AC9A-C05AB1465232}.Release|x64.Build.0 = Release|Any CPU
		{499A37A6-38F6-499C-8684-AD82BE627658}.Debug|Any CPU.ActiveCfg = Debug|Any CPU
		{499A37A6-38F6-499C-8684-AD82BE627658}.Debug|Any CPU.Build.0 = Debug|Any CPU
		{499A37A6-38F6-499C-8684-AD82BE627658}.Debug|x64.ActiveCfg = Debug|Any CPU
		{499A37A6-38F6-499C-8684-AD82BE627658}.Debug|x64.Build.0 = Debug|Any CPU
		{499A37A6-38F6-499C-8684-AD82BE627658}.Release|Any CPU.ActiveCfg = Release|Any CPU
		{499A37A6-38F6-499C-8684-AD82BE627658}.Release|Any CPU.Build.0 = Release|Any CPU
		{499A37A6-38F6-499C-8684-AD82BE627658}.Release|x64.ActiveCfg = Release|Any CPU
		{499A37A6-38F6-499C-8684-AD82BE627658}.Release|x64.Build.0 = Release|Any CPU
	EndGlobalSection
	GlobalSection(SolutionProperties) = preSolution
		HideSolutionNode = FALSE
	EndGlobalSection
	GlobalSection(ExtensibilityGlobals) = postSolution
		SolutionGuid = {D04C0232-1E7C-4805-B0C1-333C42CD6E4B}
	EndGlobalSection
EndGlobal
